
Microsoft Visual Studio Solution File, Format Version 12.00
# Visual Studio 15
VisualStudioVersion = 15.0.28307.1259
MinimumVisualStudioVersion = 10.0.40219.1
Project("{8BC9CEB8-8B4A-11D0-8D11-00A0C91BC942}") = "DS-Lab04-List_Sorted_SingleLink", "DS-Lab04-List_Sorted_SingleLink\DS-Lab04-List_Sorted_SingleLink.vcxproj", "{420DB291-572B-4634-98A4-78999C0D9405}"
EndProject
Global
	GlobalSection(SolutionConfigurationPlatforms) = preSolution
		Debug|x64 = Debug|x64
		Debug|x86 = Debug|x86
		Release|x64 = Release|x64
		Release|x86 = Release|x86
	EndGlobalSection
	GlobalSection(ProjectConfigurationPlatforms) = postSolution
		{420DB291-572B-4634-98A4-78999C0D9405}.Debug|x64.ActiveCfg = Debug|x64
		{420DB291-572B-4634-98A4-78999C0D9405}.Debug|x64.Build.0 = Debug|x64
		{420DB291-572B-4634-98A4-78999C0D9405}.Debug|x86.ActiveCfg = Debug|Win32
		{420DB291-572B-4634-98A4-78999C0D9405}.Debug|x86.Build.0 = Debug|Win32
		{420DB291-572B-4634-98A4-78999C0D9405}.Release|x64.ActiveCfg = Release|x64
		{420DB291-572B-4634-98A4-78999C0D9405}.Release|x64.Build.0 = Release|x64
		{420DB291-572B-4634-98A4-78999C0D9405}.Release|x86.ActiveCfg = Release|Win32
		{420DB291-572B-4634-98A4-78999C0D9405}.Release|x86.Build.0 = Release|Win32
	EndGlobalSection
	GlobalSection(SolutionProperties) = preSolution
		HideSolutionNode = FALSE
	EndGlobalSection
	GlobalSection(ExtensibilityGlobals) = postSolution
		SolutionGuid = {994D8857-81DB-49FC-B0F0-7AD0EEA8C270}
	EndGlobalSection
EndGlobal
